
Microsoft Visual Studio Solution File, Format Version 12.00
# Visual Studio 2013
VisualStudioVersion = 12.0.30110.0
MinimumVisualStudioVersion = 10.0.40219.1
Project("{FAE04EC0-301F-11D3-BF4B-00C04F79EFBC}") = "EM_Report", "EM_Report\EM_Report.csproj", "{2EAAB77F-45E8-4FDE-BE6C-9883E5E213DC}"
	ProjectSection(ProjectDependencies) = postProject
		{D349007C-BFFD-4528-B2B4-E8DCD30D799A} = {D349007C-BFFD-4528-B2B4-E8DCD30D799A}
	EndProjectSection
EndProject
Project("{FAE04EC0-301F-11D3-BF4B-00C04F79EFBC}") = "EM_Report.DAL", "EM_Report.DAL\EM_Report.DAL.csproj", "{BB471C0C-ADD8-4FC1-B032-373F3E5AABBD}"
EndProject
Project("{FAE04EC0-301F-11D3-BF4B-00C04F79EFBC}") = "EM_Report.BLL", "EM_Report.BLL\EM_Report.BLL.csproj", "{D8C0B1E8-E19B-4C98-830F-6C552FFD07BE}"
EndProject
Project("{FAE04EC0-301F-11D3-BF4B-00C04F79EFBC}") = "EM_Report.Tests", "EM_Report.Tests\EM_Report.Tests.csproj", "{95541591-F016-41B1-9153-96712D25077E}"
EndProject
Project("{FAE04EC0-301F-11D3-BF4B-00C04F79EFBC}") = "EM_Report.Service", "EM_Report.Service\EM_Report.Service.csproj", "{9EBF36FE-B29E-471A-A764-C726B0711B68}"
EndProject
Project("{FAE04EC0-301F-11D3-BF4B-00C04F79EFBC}") = "EM_Report.Domain", "EM_Report.Domain\EM_Report.Domain.csproj", "{81989C30-6BE4-4F31-90F6-57820B5D85AE}"
EndProject
Project("{FAE04EC0-301F-11D3-BF4B-00C04F79EFBC}") = "Common", "Common\Common.csproj", "{657A2B77-FA01-4DE3-B9F4-485ADDDBBC12}"
EndProject
Project("{FAE04EC0-301F-11D3-BF4B-00C04F79EFBC}") = "CustomSecurity", "FormsAuthentication\CustomSecurity.csproj", "{3ABCB79B-63D0-403B-8722-CCEFE2439904}"
EndProject
Project("{FAE04EC0-301F-11D3-BF4B-00C04F79EFBC}") = "EM_Report.WCFServer", "EM_Report.WCFServer\EM_Report.WCFServer.csproj", "{D349007C-BFFD-4528-B2B4-E8DCD30D799A}"
EndProject
Project("{2150E333-8FDC-42A3-9474-1A3956D46DE8}") = "Tools", "Tools", "{30D21164-5FD7-4B03-AC03-984B154392C7}"
EndProject
Project("{FAE04EC0-301F-11D3-BF4B-00C04F79EFBC}") = "SSRSDeployTool", "SSRSDeployTool\SSRSDeployTool.csproj", "{BAB1C9C3-6469-4712-A9A3-74858E298F5D}"
EndProject
Project("{FAE04EC0-301F-11D3-BF4B-00C04F79EFBC}") = "EM_Report.PerformanceLoadTest", "EM_Report.PerformanceLoadTest\EM_Report.PerformanceLoadTest.csproj", "{94948EB7-E6C3-46A5-97FC-51397C11F18D}"
EndProject
Project("{2150E333-8FDC-42A3-9474-1A3956D46DE8}") = "Solution Items", "Solution Items", "{C87AA8A6-2210-4EF4-9E4D-DC9B6E853124}"
	ProjectSection(SolutionItems) = preProject
		Local.testsettings = Local.testsettings
	EndProjectSection
EndProject
Global
	GlobalSection(SolutionConfigurationPlatforms) = preSolution
		Debug|Any CPU = Debug|Any CPU
		Release|Any CPU = Release|Any CPU
	EndGlobalSection
	GlobalSection(ProjectConfigurationPlatforms) = postSolution
		{2EAAB77F-45E8-4FDE-BE6C-9883E5E213DC}.Debug|Any CPU.ActiveCfg = Debug|Any CPU
		{2EAAB77F-45E8-4FDE-BE6C-9883E5E213DC}.Debug|Any CPU.Build.0 = Debug|Any CPU
		{2EAAB77F-45E8-4FDE-BE6C-9883E5E213DC}.Release|Any CPU.ActiveCfg = Release|Any CPU
		{2EAAB77F-45E8-4FDE-BE6C-9883E5E213DC}.Release|Any CPU.Build.0 = Release|Any CPU
		{BB471C0C-ADD8-4FC1-B032-373F3E5AABBD}.Debug|Any CPU.ActiveCfg = Debug|Any CPU
		{BB471C0C-ADD8-4FC1-B032-373F3E5AABBD}.Debug|Any CPU.Build.0 = Debug|Any CPU
		{BB471C0C-ADD8-4FC1-B032-373F3E5AABBD}.Release|Any CPU.ActiveCfg = Release|Any CPU
		{BB471C0C-ADD8-4FC1-B032-373F3E5AABBD}.Release|Any CPU.Build.0 = Release|Any CPU
		{D8C0B1E8-E19B-4C98-830F-6C552FFD07BE}.Debug|Any CPU.ActiveCfg = Debug|Any CPU
		{D8C0B1E8-E19B-4C98-830F-6C552FFD07BE}.Debug|Any CPU.Build.0 = Debug|Any CPU
		{D8C0B1E8-E19B-4C98-830F-6C552FFD07BE}.Release|Any CPU.ActiveCfg = Release|Any CPU
		{D8C0B1E8-E19B-4C98-830F-6C552FFD07BE}.Release|Any CPU.Build.0 = Release|Any CPU
		{95541591-F016-41B1-9153-96712D25077E}.Debug|Any CPU.ActiveCfg = Debug|Any CPU
		{95541591-F016-41B1-9153-96712D25077E}.Debug|Any CPU.Build.0 = Debug|Any CPU
		{95541591-F016-41B1-9153-96712D25077E}.Release|Any CPU.ActiveCfg = Release|Any CPU
		{95541591-F016-41B1-9153-96712D25077E}.Release|Any CPU.Build.0 = Release|Any CPU
		{9EBF36FE-B29E-471A-A764-C726B0711B68}.Debug|Any CPU.ActiveCfg = Debug|Any CPU
		{9EBF36FE-B29E-471A-A764-C726B0711B68}.Debug|Any CPU.Build.0 = Debug|Any CPU
		{9EBF36FE-B29E-471A-A764-C726B0711B68}.Release|Any CPU.ActiveCfg = Release|Any CPU
		{9EBF36FE-B29E-471A-A764-C726B0711B68}.Release|Any CPU.Build.0 = Release|Any CPU
		{81989C30-6BE4-4F31-90F6-57820B5D85AE}.Debug|Any CPU.ActiveCfg = Debug|Any CPU
		{81989C30-6BE4-4F31-90F6-57820B5D85AE}.Debug|Any CPU.Build.0 = Debug|Any CPU
		{81989C30-6BE4-4F31-90F6-57820B5D85AE}.Release|Any CPU.ActiveCfg = Release|Any CPU
		{81989C30-6BE4-4F31-90F6-57820B5D85AE}.Release|Any CPU.Build.0 = Release|Any CPU
		{657A2B77-FA01-4DE3-B9F4-485ADDDBBC12}.Debug|Any CPU.ActiveCfg = Debug|Any CPU
		{657A2B77-FA01-4DE3-B9F4-485ADDDBBC12}.Debug|Any CPU.Build.0 = Debug|Any CPU
		{657A2B77-FA01-4DE3-B9F4-485ADDDBBC12}.Release|Any CPU.ActiveCfg = Release|Any CPU
		{657A2B77-FA01-4DE3-B9F4-485ADDDBBC12}.Release|Any CPU.Build.0 = Release|Any CPU
		{3ABCB79B-63D0-403B-8722-CCEFE2439904}.Debug|Any CPU.ActiveCfg = Debug|Any CPU
		{3ABCB79B-63D0-403B-8722-CCEFE2439904}.Debug|Any CPU.Build.0 = Debug|Any CPU
		{3ABCB79B-63D0-403B-8722-CCEFE2439904}.Release|Any CPU.ActiveCfg = Release|Any CPU
		{3ABCB79B-63D0-403B-8722-CCEFE2439904}.Release|Any CPU.Build.0 = Release|Any CPU
		{D349007C-BFFD-4528-B2B4-E8DCD30D799A}.Debug|Any CPU.ActiveCfg = Debug|Any CPU
		{D349007C-BFFD-4528-B2B4-E8DCD30D799A}.Debug|Any CPU.Build.0 = Debug|Any CPU
		{D349007C-BFFD-4528-B2B4-E8DCD30D799A}.Release|Any CPU.ActiveCfg = Release|Any CPU
		{D349007C-BFFD-4528-B2B4-E8DCD30D799A}.Release|Any CPU.Build.0 = Release|Any CPU
		{BAB1C9C3-6469-4712-A9A3-74858E298F5D}.Debug|Any CPU.ActiveCfg = Debug|Any CPU
		{BAB1C9C3-6469-4712-A9A3-74858E298F5D}.Debug|Any CPU.Build.0 = Debug|Any CPU
		{BAB1C9C3-6469-4712-A9A3-74858E298F5D}.Release|Any CPU.ActiveCfg = Release|Any CPU
		{BAB1C9C3-6469-4712-A9A3-74858E298F5D}.Release|Any CPU.Build.0 = Release|Any CPU
		{94948EB7-E6C3-46A5-97FC-51397C11F18D}.Debug|Any CPU.ActiveCfg = Debug|Any CPU
		{94948EB7-E6C3-46A5-97FC-51397C11F18D}.Debug|Any CPU.Build.0 = Debug|Any CPU
		{94948EB7-E6C3-46A5-97FC-51397C11F18D}.Release|Any CPU.ActiveCfg = Release|Any CPU
		{94948EB7-E6C3-46A5-97FC-51397C11F18D}.Release|Any CPU.Build.0 = Release|Any CPU
	EndGlobalSection
	GlobalSection(SolutionProperties) = preSolution
		HideSolutionNode = FALSE
	EndGlobalSection
	GlobalSection(NestedProjects) = preSolution
		{BAB1C9C3-6469-4712-A9A3-74858E298F5D} = {30D21164-5FD7-4B03-AC03-984B154392C7}
	EndGlobalSection
	GlobalSection(SubversionScc) = preSolution
		Svn-Managed = True
		Manager = AnkhSVN - Subversion Support for Visual Studio
	EndGlobalSection
EndGlobal
