
Microsoft Visual Studio Solution File, Format Version 11.00
# Visual Studio 2010
Project("{FAE04EC0-301F-11D3-BF4B-00C04F79EFBC}") = "EM_Report", "EM_Report\EM_Report.csproj", "{2EAAB77F-45E8-4FDE-BE6C-9883E5E213DC}"
EndProject
Project("{FAE04EC0-301F-11D3-BF4B-00C04F79EFBC}") = "EM_Report.DAL", "EM_Report.DAL\EM_Report.DAL.csproj", "{BB471C0C-ADD8-4FC1-B032-373F3E5AABBD}"
EndProject
Project("{FAE04EC0-301F-11D3-BF4B-00C04F79EFBC}") = "EM_Report.Models", "EM_Report.Models\EM_Report.Models.csproj", "{FEC1454F-61C9-4D4D-97BD-C2E8D97A3569}"
EndProject
Project("{FAE04EC0-301F-11D3-BF4B-00C04F79EFBC}") = "EM_Report.BLL", "EM_Report.BLL\EM_Report.BLL.csproj", "{D8C0B1E8-E19B-4C98-830F-6C552FFD07BE}"
EndProject
Project("{FAE04EC0-301F-11D3-BF4B-00C04F79EFBC}") = "EM_Report.Tests", "EM_Report.Tests\EM_Report.Tests.csproj", "{95541591-F016-41B1-9153-96712D25077E}"
EndProject
Global
	GlobalSection(SubversionScc) = preSolution
		Svn-Managed = True
		Manager = AnkhSVN - Subversion Support for Visual Studio
	EndGlobalSection
	GlobalSection(SolutionConfigurationPlatforms) = preSolution
		Debug|Any CPU = Debug|Any CPU
		Release|Any CPU = Release|Any CPU
	EndGlobalSection
	GlobalSection(ProjectConfigurationPlatforms) = postSolution
		{2EAAB77F-45E8-4FDE-BE6C-9883E5E213DC}.Debug|Any CPU.ActiveCfg = Debug|Any CPU
		{2EAAB77F-45E8-4FDE-BE6C-9883E5E213DC}.Debug|Any CPU.Build.0 = Debug|Any CPU
		{2EAAB77F-45E8-4FDE-BE6C-9883E5E213DC}.Release|Any CPU.ActiveCfg = Release|Any CPU
		{2EAAB77F-45E8-4FDE-BE6C-9883E5E213DC}.Release|Any CPU.Build.0 = Release|Any CPU
		{BB471C0C-ADD8-4FC1-B032-373F3E5AABBD}.Debug|Any CPU.ActiveCfg = Debug|Any CPU
		{BB471C0C-ADD8-4FC1-B032-373F3E5AABBD}.Debug|Any CPU.Build.0 = Debug|Any CPU
		{BB471C0C-ADD8-4FC1-B032-373F3E5AABBD}.Release|Any CPU.ActiveCfg = Release|Any CPU
		{BB471C0C-ADD8-4FC1-B032-373F3E5AABBD}.Release|Any CPU.Build.0 = Release|Any CPU
		{FEC1454F-61C9-4D4D-97BD-C2E8D97A3569}.Debug|Any CPU.ActiveCfg = Debug|Any CPU
		{FEC1454F-61C9-4D4D-97BD-C2E8D97A3569}.Debug|Any CPU.Build.0 = Debug|Any CPU
		{FEC1454F-61C9-4D4D-97BD-C2E8D97A3569}.Release|Any CPU.ActiveCfg = Release|Any CPU
		{FEC1454F-61C9-4D4D-97BD-C2E8D97A3569}.Release|Any CPU.Build.0 = Release|Any CPU
		{D8C0B1E8-E19B-4C98-830F-6C552FFD07BE}.Debug|Any CPU.ActiveCfg = Debug|Any CPU
		{D8C0B1E8-E19B-4C98-830F-6C552FFD07BE}.Debug|Any CPU.Build.0 = Debug|Any CPU
		{D8C0B1E8-E19B-4C98-830F-6C552FFD07BE}.Release|Any CPU.ActiveCfg = Release|Any CPU
		{D8C0B1E8-E19B-4C98-830F-6C552FFD07BE}.Release|Any CPU.Build.0 = Release|Any CPU
		{95541591-F016-41B1-9153-96712D25077E}.Debug|Any CPU.ActiveCfg = Debug|Any CPU
		{95541591-F016-41B1-9153-96712D25077E}.Debug|Any CPU.Build.0 = Debug|Any CPU
		{95541591-F016-41B1-9153-96712D25077E}.Release|Any CPU.ActiveCfg = Release|Any CPU
		{95541591-F016-41B1-9153-96712D25077E}.Release|Any CPU.Build.0 = Release|Any CPU
	EndGlobalSection
	GlobalSection(SolutionProperties) = preSolution
		HideSolutionNode = FALSE
	EndGlobalSection
EndGlobal
